
Microsoft Visual Studio Solution File, Format Version 12.00
# Visual Studio Version 17
VisualStudioVersion = 17.14.36623.8 d17.14
MinimumVisualStudioVersion = 10.0.40219.1
Project("{FAE04EC0-301F-11D3-BF4B-00C04F79EFBC}") = "NetworkMonitor", "NetworkMonitor\NetworkMonitor.csproj", "{66D70EFB-F0EE-4CD9-996D-F6528437DBAC}"
EndProject
Global
	GlobalSection(SolutionConfigurationPlatforms) = preSolution
		Debug|Any CPU = Debug|Any CPU
		Release|Any CPU = Release|Any CPU
	EndGlobalSection
	GlobalSection(ProjectConfigurationPlatforms) = postSolution
		{66D70EFB-F0EE-4CD9-996D-F6528437DBAC}.Debug|Any CPU.ActiveCfg = Debug|Any CPU
		{66D70EFB-F0EE-4CD9-996D-F6528437DBAC}.Debug|Any CPU.Build.0 = Debug|Any CPU
		{66D70EFB-F0EE-4CD9-996D-F6528437DBAC}.Release|Any CPU.ActiveCfg = Release|Any CPU
		{66D70EFB-F0EE-4CD9-996D-F6528437DBAC}.Release|Any CPU.Build.0 = Release|Any CPU
	EndGlobalSection
	GlobalSection(SolutionProperties) = preSolution
		HideSolutionNode = FALSE
	EndGlobalSection
	GlobalSection(ExtensibilityGlobals) = postSolution
		SolutionGuid = {D3CAFF91-A89B-4644-996E-188AB22F57C6}
	EndGlobalSection
EndGlobal
